// !$*UTF8*$!
{
	archiveVersion = 1;
	classes = {
	};
	objectVersion = 50;
	objects = {

/* Begin PBXBuildFile section */
		6F9731FC2458725900AC069B /* AppDelegate.swift in Sources */ = {isa = PBXBuildFile; fileRef = 6F9731FB2458725900AC069B /* AppDelegate.swift */; };
		6F9731FE2458725900AC069B /* SceneDelegate.swift in Sources */ = {isa = PBXBuildFile; fileRef = 6F9731FD2458725900AC069B /* SceneDelegate.swift */; };
		6F9732002458725900AC069B /* ViewController.swift in Sources */ = {isa = PBXBuildFile; fileRef = 6F9731FF2458725900AC069B /* ViewController.swift */; };
		6F9732032458725900AC069B /* Main.storyboard in Resources */ = {isa = PBXBuildFile; fileRef = 6F9732012458725900AC069B /* Main.storyboard */; };
		6F9732052458725B00AC069B /* Assets.xcassets in Resources */ = {isa = PBXBuildFile; fileRef = 6F9732042458725B00AC069B /* Assets.xcassets */; };
		6F9732082458725B00AC069B /* LaunchScreen.storyboard in Resources */ = {isa = PBXBuildFile; fileRef = 6F9732062458725B00AC069B /* LaunchScreen.storyboard */; };
		6F97321B2458779800AC069B /* monaco@2x.png in Resources */ = {isa = PBXBuildFile; fileRef = 6F97320F2458779700AC069B /* monaco@2x.png */; };
		6F97321C2458779800AC069B /* france@2x.png in Resources */ = {isa = PBXBuildFile; fileRef = 6F9732102458779700AC069B /* france@2x.png */; };
		6F97321D2458779800AC069B /* nigeria@2x.png in Resources */ = {isa = PBXBuildFile; fileRef = 6F9732112458779800AC069B /* nigeria@2x.png */; };
		6F97321E2458779800AC069B /* poland@2x.png in Resources */ = {isa = PBXBuildFile; fileRef = 6F9732122458779800AC069B /* poland@2x.png */; };
		6F97321F2458779800AC069B /* russia@2x.png in Resources */ = {isa = PBXBuildFile; fileRef = 6F9732132458779800AC069B /* russia@2x.png */; };
		6F9732202458779800AC069B /* italy@2x.png in Resources */ = {isa = PBXBuildFile; fileRef = 6F9732142458779800AC069B /* italy@2x.png */; };
		6F9732212458779800AC069B /* germany@2x.png in Resources */ = {isa = PBXBuildFile; fileRef = 6F9732152458779800AC069B /* germany@2x.png */; };
		6F9732222458779800AC069B /* spain@2x.png in Resources */ = {isa = PBXBuildFile; fileRef = 6F9732162458779800AC069B /* spain@2x.png */; };
		6F9732232458779800AC069B /* uk@2x.png in Resources */ = {isa = PBXBuildFile; fileRef = 6F9732172458779800AC069B /* uk@2x.png */; };
		6F9732242458779800AC069B /* ireland@2x.png in Resources */ = {isa = PBXBuildFile; fileRef = 6F9732182458779800AC069B /* ireland@2x.png */; };
		6F9732252458779800AC069B /* estonia@2x.png in Resources */ = {isa = PBXBuildFile; fileRef = 6F9732192458779800AC069B /* estonia@2x.png */; };
		6F9732262458779800AC069B /* us@2x.png in Resources */ = {isa = PBXBuildFile; fileRef = 6F97321A2458779800AC069B /* us@2x.png */; };
		6F973228245879D000AC069B /* DetailViewController.swift in Sources */ = {isa = PBXBuildFile; fileRef = 6F973227245879D000AC069B /* DetailViewController.swift */; };
/* End PBXBuildFile section */

/* Begin PBXFileReference section */
		6F9731F82458725900AC069B /* Projects 1-3.app */ = {isa = PBXFileReference; explicitFileType = wrapper.application; includeInIndex = 0; path = "Projects 1-3.app"; sourceTree = BUILT_PRODUCTS_DIR; };
		6F9731FB2458725900AC069B /* AppDelegate.swift */ = {isa = PBXFileReference; lastKnownFileType = sourcecode.swift; path = AppDelegate.swift; sourceTree = "<group>"; };
		6F9731FD2458725900AC069B /* SceneDelegate.swift */ = {isa = PBXFileReference; lastKnownFileType = sourcecode.swift; path = SceneDelegate.swift; sourceTree = "<group>"; };
		6F9731FF2458725900AC069B /* ViewController.swift */ = {isa = PBXFileReference; lastKnownFileType = sourcecode.swift; path = ViewController.swift; sourceTree = "<group>"; };
		6F9732022458725900AC069B /* Base */ = {isa = PBXFileReference; lastKnownFileType = file.storyboard; name = Base; path = Base.lproj/Main.storyboard; sourceTree = "<group>"; };
		6F9732042458725B00AC069B /* Assets.xcassets */ = {isa = PBXFileReference; lastKnownFileType = folder.assetcatalog; path = Assets.xcassets; sourceTree = "<group>"; };
		6F9732072458725B00AC069B /* Base */ = {isa = PBXFileReference; lastKnownFileType = file.storyboard; name = Base; path = Base.lproj/LaunchScreen.storyboard; sourceTree = "<group>"; };
		6F9732092458725B00AC069B /* Info.plist */ = {isa = PBXFileReference; lastKnownFileType = text.plist.xml; path = Info.plist; sourceTree = "<group>"; };
		6F97320F2458779700AC069B /* monaco@2x.png */ = {isa = PBXFileReference; lastKnownFileType = image.png; path = "monaco@2x.png"; sourceTree = "<group>"; };
		6F9732102458779700AC069B /* france@2x.png */ = {isa = PBXFileReference; lastKnownFileType = image.png; path = "france@2x.png"; sourceTree = "<group>"; };
		6F9732112458779800AC069B /* nigeria@2x.png */ = {isa = PBXFileReference; lastKnownFileType = image.png; path = "nigeria@2x.png"; sourceTree = "<group>"; };
		6F9732122458779800AC069B /* poland@2x.png */ = {isa = PBXFileReference; lastKnownFileType = image.png; path = "poland@2x.png"; sourceTree = "<group>"; };
		6F9732132458779800AC069B /* russia@2x.png */ = {isa = PBXFileReference; lastKnownFileType = image.png; path = "russia@2x.png"; sourceTree = "<group>"; };
		6F9732142458779800AC069B /* italy@2x.png */ = {isa = PBXFileReference; lastKnownFileType = image.png; path = "italy@2x.png"; sourceTree = "<group>"; };
		6F9732152458779800AC069B /* germany@2x.png */ = {isa = PBXFileReference; lastKnownFileType = image.png; path = "germany@2x.png"; sourceTree = "<group>"; };
		6F9732162458779800AC069B /* spain@2x.png */ = {isa = PBXFileReference; lastKnownFileType = image.png; path = "spain@2x.png"; sourceTree = "<group>"; };
		6F9732172458779800AC069B /* uk@2x.png */ = {isa = PBXFileReference; lastKnownFileType = image.png; path = "uk@2x.png"; sourceTree = "<group>"; };
		6F9732182458779800AC069B /* ireland@2x.png */ = {isa = PBXFileReference; lastKnownFileType = image.png; path = "ireland@2x.png"; sourceTree = "<group>"; };
		6F9732192458779800AC069B /* estonia@2x.png */ = {isa = PBXFileReference; lastKnownFileType = image.png; path = "estonia@2x.png"; sourceTree = "<group>"; };
		6F97321A2458779800AC069B /* us@2x.png */ = {isa = PBXFileReference; lastKnownFileType = image.png; path = "us@2x.png"; sourceTree = "<group>"; };
		6F973227245879D000AC069B /* DetailViewController.swift */ = {isa = PBXFileReference; lastKnownFileType = sourcecode.swift; path = DetailViewController.swift; sourceTree = "<group>"; };
/* End PBXFileReference section */

/* Begin PBXFrameworksBuildPhase section */
		6F9731F52458725900AC069B /* Frameworks */ = {
			isa = PBXFrameworksBuildPhase;
			buildActionMask = 2147483647;
			files = (
			);
			runOnlyForDeploymentPostprocessing = 0;
		};
/* End PBXFrameworksBuildPhase section */

/* Begin PBXGroup section */
		6F9731EF2458725900AC069B = {
			isa = PBXGroup;
			children = (
				6F9731FA2458725900AC069B /* Projects 1-3 */,
				6F9731F92458725900AC069B /* Products */,
			);
			sourceTree = "<group>";
		};
		6F9731F92458725900AC069B /* Products */ = {
			isa = PBXGroup;
			children = (
				6F9731F82458725900AC069B /* Projects 1-3.app */,
			);
			name = Products;
			sourceTree = "<group>";
		};
		6F9731FA2458725900AC069B /* Projects 1-3 */ = {
			isa = PBXGroup;
			children = (
				6F9731FB2458725900AC069B /* AppDelegate.swift */,
				6F9731FD2458725900AC069B /* SceneDelegate.swift */,
				6F9731FF2458725900AC069B /* ViewController.swift */,
				6F973227245879D000AC069B /* DetailViewController.swift */,
				6F9732012458725900AC069B /* Main.storyboard */,
				6F9732042458725B00AC069B /* Assets.xcassets */,
				6F9732062458725B00AC069B /* LaunchScreen.storyboard */,
				6F9732092458725B00AC069B /* Info.plist */,
				6F9732192458779800AC069B /* estonia@2x.png */,
				6F9732102458779700AC069B /* france@2x.png */,
				6F9732152458779800AC069B /* germany@2x.png */,
				6F9732182458779800AC069B /* ireland@2x.png */,
				6F9732142458779800AC069B /* italy@2x.png */,
				6F97320F2458779700AC069B /* monaco@2x.png */,
				6F9732112458779800AC069B /* nigeria@2x.png */,
				6F9732122458779800AC069B /* poland@2x.png */,
				6F9732132458779800AC069B /* russia@2x.png */,
				6F9732162458779800AC069B /* spain@2x.png */,
				6F9732172458779800AC069B /* uk@2x.png */,
				6F97321A2458779800AC069B /* us@2x.png */,
			);
			path = "Projects 1-3";
			sourceTree = "<group>";
		};
/* End PBXGroup section */

/* Begin PBXNativeTarget section */
		6F9731F72458725900AC069B /* Projects 1-3 */ = {
			isa = PBXNativeTarget;
			buildConfigurationList = 6F97320C2458725B00AC069B /* Build configuration list for PBXNativeTarget "Projects 1-3" */;
			buildPhases = (
				6F9731F42458725900AC069B /* Sources */,
				6F9731F52458725900AC069B /* Frameworks */,
				6F9731F62458725900AC069B /* Resources */,
			);
			buildRules = (
			);
			dependencies = (
			);
			name = "Projects 1-3";
			productName = "Projects 1-3";
			productReference = 6F9731F82458725900AC069B /* Projects 1-3.app */;
			productType = "com.apple.product-type.application";
		};
/* End PBXNativeTarget section */

/* Begin PBXProject section */
		6F9731F02458725900AC069B /* Project object */ = {
			isa = PBXProject;
			attributes = {
				LastSwiftUpdateCheck = 1140;
				LastUpgradeCheck = 1140;
				ORGANIZATIONNAME = "Manuel Teixeira";
				TargetAttributes = {
					6F9731F72458725900AC069B = {
						CreatedOnToolsVersion = 11.4;
					};
				};
			};
			buildConfigurationList = 6F9731F32458725900AC069B /* Build configuration list for PBXProject "Projects 1-3" */;
			compatibilityVersion = "Xcode 9.3";
			developmentRegion = en;
			hasScannedForEncodings = 0;
			knownRegions = (
				en,
				Base,
			);
			mainGroup = 6F9731EF2458725900AC069B;
			productRefGroup = 6F9731F92458725900AC069B /* Products */;
			projectDirPath = "";
			projectRoot = "";
			targets = (
				6F9731F72458725900AC069B /* Projects 1-3 */,
			);
		};
/* End PBXProject section */

/* Begin PBXResourcesBuildPhase section */
		6F9731F62458725900AC069B /* Resources */ = {
			isa = PBXResourcesBuildPhase;
			buildActionMask = 2147483647;
			files = (
				6F9732242458779800AC069B /* ireland@2x.png in Resources */,
				6F97321D2458779800AC069B /* nigeria@2x.png in Resources */,
				6F97321F2458779800AC069B /* russia@2x.png in Resources */,
				6F9732262458779800AC069B /* us@2x.png in Resources */,
				6F97321C2458779800AC069B /* france@2x.png in Resources */,
				6F9732202458779800AC069B /* italy@2x.png in Resources */,
				6F9732082458725B00AC069B /* LaunchScreen.storyboard in Resources */,
				6F9732052458725B00AC069B /* Assets.xcassets in Resources */,
				6F9732232458779800AC069B /* uk@2x.png in Resources */,
				6F9732032458725900AC069B /* Main.storyboard in Resources */,
				6F9732222458779800AC069B /* spain@2x.png in Resources */,
				6F9732252458779800AC069B /* estonia@2x.png in Resources */,
				6F97321B2458779800AC069B /* monaco@2x.png in Resources */,
				6F9732212458779800AC069B /* germany@2x.png in Resources */,
				6F97321E2458779800AC069B /* poland@2x.png in Resources */,
			);
			runOnlyForDeploymentPostprocessing = 0;
		};
/* End PBXResourcesBuildPhase section */

/* Begin PBXSourcesBuildPhase section */
		6F9731F42458725900AC069B /* Sources */ = {
			isa = PBXSourcesBuildPhase;
			buildActionMask = 2147483647;
			files = (
				6F9732002458725900AC069B /* ViewController.swift in Sources */,
				6F9731FC2458725900AC069B /* AppDelegate.swift in Sources */,
				6F9731FE2458725900AC069B /* SceneDelegate.swift in Sources */,
				6F973228245879D000AC069B /* DetailViewController.swift in Sources */,
			);
			runOnlyForDeploymentPostprocessing = 0;
		};
/* End PBXSourcesBuildPhase section */

/* Begin PBXVariantGroup section */
		6F9732012458725900AC069B /* Main.storyboard */ = {
			isa = PBXVariantGroup;
			children = (
				6F9732022458725900AC069B /* Base */,
			);
			name = Main.storyboard;
			sourceTree = "<group>";
		};
		6F9732062458725B00AC069B /* LaunchScreen.storyboard */ = {
			isa = PBXVariantGroup;
			children = (
				6F9732072458725B00AC069B /* Base */,
			);
			name = LaunchScreen.storyboard;
			sourceTree = "<group>";
		};
/* End PBXVariantGroup section */

/* Begin XCBuildConfiguration section */
		6F97320A2458725B00AC069B /* Debug */ = {
			isa = XCBuildConfiguration;
			buildSettings = {
				ALWAYS_SEARCH_USER_PATHS = NO;
				CLANG_ANALYZER_NONNULL = YES;
				CLANG_ANALYZER_NUMBER_OBJECT_CONVERSION = YES_AGGRESSIVE;
				CLANG_CXX_LANGUAGE_STANDARD = "gnu++14";
				CLANG_CXX_LIBRARY = "libc++";
				CLANG_ENABLE_MODULES = YES;
				CLANG_ENABLE_OBJC_ARC = YES;
				CLANG_ENABLE_OBJC_WEAK = YES;
				CLANG_WARN_BLOCK_CAPTURE_AUTORELEASING = YES;
				CLANG_WARN_BOOL_CONVERSION = YES;
				CLANG_WARN_COMMA = YES;
				CLANG_WARN_CONSTANT_CONVERSION = YES;
				CLANG_WARN_DEPRECATED_OBJC_IMPLEMENTATIONS = YES;
				CLANG_WARN_DIRECT_OBJC_ISA_USAGE = YES_ERROR;
				CLANG_WARN_DOCUMENTATION_COMMENTS = YES;
				CLANG_WARN_EMPTY_BODY = YES;
				CLANG_WARN_ENUM_CONVERSION = YES;
				CLANG_WARN_INFINITE_RECURSION = YES;
				CLANG_WARN_INT_CONVERSION = YES;
				CLANG_WARN_NON_LITERAL_NULL_CONVERSION = YES;
				CLANG_WARN_OBJC_IMPLICIT_RETAIN_SELF = YES;
				CLANG_WARN_OBJC_LITERAL_CONVERSION = YES;
				CLANG_WARN_OBJC_ROOT_CLASS = YES_ERROR;
				CLANG_WARN_RANGE_LOOP_ANALYSIS = YES;
				CLANG_WARN_STRICT_PROTOTYPES = YES;
				CLANG_WARN_SUSPICIOUS_MOVE = YES;
				CLANG_WARN_UNGUARDED_AVAILABILITY = YES_AGGRESSIVE;
				CLANG_WARN_UNREACHABLE_CODE = YES;
				CLANG_WARN__DUPLICATE_METHOD_MATCH = YES;
				COPY_PHASE_STRIP = NO;
				DEBUG_INFORMATION_FORMAT = dwarf;
				ENABLE_STRICT_OBJC_MSGSEND = YES;
				ENABLE_TESTABILITY = YES;
				GCC_C_LANGUAGE_STANDARD = gnu11;
				GCC_DYNAMIC_NO_PIC = NO;
				GCC_NO_COMMON_BLOCKS = YES;
				GCC_OPTIMIZATION_LEVEL = 0;
				GCC_PREPROCESSOR_DEFINITIONS = (
					"DEBUG=1",
					"$(inherited)",
				);
				GCC_WARN_64_TO_32_BIT_CONVERSION = YES;
				GCC_WARN_ABOUT_RETURN_TYPE = YES_ERROR;
				GCC_WARN_UNDECLARED_SELECTOR = YES;
				GCC_WARN_UNINITIALIZED_AUTOS = YES_AGGRESSIVE;
				GCC_WARN_UNUSED_FUNCTION = YES;
				GCC_WARN_UNUSED_VARIABLE = YES;
				IPHONEOS_DEPLOYMENT_TARGET = 13.4;
				MTL_ENABLE_DEBUG_INFO = INCLUDE_SOURCE;
				MTL_FAST_MATH = YES;
				ONLY_ACTIVE_ARCH = YES;
				SDKROOT = iphoneos;
				SWIFT_ACTIVE_COMPILATION_CONDITIONS = DEBUG;
				SWIFT_OPTIMIZATION_LEVEL = "-Onone";
			};
			name = Debug;
		};
		6F97320B2458725B00AC069B /* Release */ = {
			isa = XCBuildConfiguration;
			buildSettings = {
				ALWAYS_SEARCH_USER_PATHS = NO;
				CLANG_ANALYZER_NONNULL = YES;
				CLANG_ANALYZER_NUMBER_OBJECT_CONVERSION = YES_AGGRESSIVE;
				CLANG_CXX_LANGUAGE_STANDARD = "gnu++14";
				CLANG_CXX_LIBRARY = "libc++";
				CLANG_ENABLE_MODULES = YES;
				CLANG_ENABLE_OBJC_ARC = YES;
				CLANG_ENABLE_OBJC_WEAK = YES;
				CLANG_WARN_BLOCK_CAPTURE_AUTORELEASING = YES;
				CLANG_WARN_BOOL_CONVERSION = YES;
				CLANG_WARN_COMMA = YES;
				CLANG_WARN_CONSTANT_CONVERSION = YES;
				CLANG_WARN_DEPRECATED_OBJC_IMPLEMENTATIONS = YES;
				CLANG_WARN_DIRECT_OBJC_ISA_USAGE = YES_ERROR;
				CLANG_WARN_DOCUMENTATION_COMMENTS = YES;
				CLANG_WARN_EMPTY_BODY = YES;
				CLANG_WARN_ENUM_CONVERSION = YES;
				CLANG_WARN_INFINITE_RECURSION = YES;
				CLANG_WARN_INT_CONVERSION = YES;
				CLANG_WARN_NON_LITERAL_NULL_CONVERSION = YES;
				CLANG_WARN_OBJC_IMPLICIT_RETAIN_SELF = YES;
				CLANG_WARN_OBJC_LITERAL_CONVERSION = YES;
				CLANG_WARN_OBJC_ROOT_CLASS = YES_ERROR;
				CLANG_WARN_RANGE_LOOP_ANALYSIS = YES;
				CLANG_WARN_STRICT_PROTOTYPES = YES;
				CLANG_WARN_SUSPICIOUS_MOVE = YES;
				CLANG_WARN_UNGUARDED_AVAILABILITY = YES_AGGRESSIVE;
				CLANG_WARN_UNREACHABLE_CODE = YES;
				CLANG_WARN__DUPLICATE_METHOD_MATCH = YES;
				COPY_PHASE_STRIP = NO;
				DEBUG_INFORMATION_FORMAT = "dwarf-with-dsym";
				ENABLE_NS_ASSERTIONS = NO;
				ENABLE_STRICT_OBJC_MSGSEND = YES;
				GCC_C_LANGUAGE_STANDARD = gnu11;
				GCC_NO_COMMON_BLOCKS = YES;
				GCC_WARN_64_TO_32_BIT_CONVERSION = YES;
				GCC_WARN_ABOUT_RETURN_TYPE = YES_ERROR;
				GCC_WARN_UNDECLARED_SELECTOR = YES;
				GCC_WARN_UNINITIALIZED_AUTOS = YES_AGGRESSIVE;
				GCC_WARN_UNUSED_FUNCTION = YES;
				GCC_WARN_UNUSED_VARIABLE = YES;
				IPHONEOS_DEPLOYMENT_TARGET = 13.4;
				MTL_ENABLE_DEBUG_INFO = NO;
				MTL_FAST_MATH = YES;
				SDKROOT = iphoneos;
				SWIFT_COMPILATION_MODE = wholemodule;
				SWIFT_OPTIMIZATION_LEVEL = "-O";
				VALIDATE_PRODUCT = YES;
			};
			name = Release;
		};
		6F97320D2458725B00AC069B /* Debug */ = {
			isa = XCBuildConfiguration;
			buildSettings = {
				ASSETCATALOG_COMPILER_APPICON_NAME = AppIcon;
				CODE_SIGN_STYLE = Automatic;
				INFOPLIST_FILE = "Projects 1-3/Info.plist";
				LD_RUNPATH_SEARCH_PATHS = (
					"$(inherited)",
					"@executable_path/Frameworks",
				);
				PRODUCT_BUNDLE_IDENTIFIER = "com.learning.Projects-1-3";
				PRODUCT_NAME = "$(TARGET_NAME)";
				SWIFT_VERSION = 5.0;
				TARGETED_DEVICE_FAMILY = "1,2";
			};
			name = Debug;
		};
		6F97320E2458725B00AC069B /* Release */ = {
			isa = XCBuildConfiguration;
			buildSettings = {
				ASSETCATALOG_COMPILER_APPICON_NAME = AppIcon;
				CODE_SIGN_STYLE = Automatic;
				INFOPLIST_FILE = "Projects 1-3/Info.plist";
				LD_RUNPATH_SEARCH_PATHS = (
					"$(inherited)",
					"@executable_path/Frameworks",
				);
				PRODUCT_BUNDLE_IDENTIFIER = "com.learning.Projects-1-3";
				PRODUCT_NAME = "$(TARGET_NAME)";
				SWIFT_VERSION = 5.0;
				TARGETED_DEVICE_FAMILY = "1,2";
			};
			name = Release;
		};
/* End XCBuildConfiguration section */

/* Begin XCConfigurationList section */
		6F9731F32458725900AC069B /* Build configuration list for PBXProject "Projects 1-3" */ = {
			isa = XCConfigurationList;
			buildConfigurations = (
				6F97320A2458725B00AC069B /* Debug */,
				6F97320B2458725B00AC069B /* Release */,
			);
			defaultConfigurationIsVisible = 0;
			defaultConfigurationName = Release;
		};
		6F97320C2458725B00AC069B /* Build configuration list for PBXNativeTarget "Projects 1-3" */ = {
			isa = XCConfigurationList;
			buildConfigurations = (
				6F97320D2458725B00AC069B /* Debug */,
				6F97320E2458725B00AC069B /* Release */,
			);
			defaultConfigurationIsVisible = 0;
			defaultConfigurationName = Release;
		};
/* End XCConfigurationList section */
	};
	rootObject = 6F9731F02458725900AC069B /* Project object */;
}
